
Microsoft Visual Studio Solution File, Format Version 12.00
# Visual Studio Version 17
VisualStudioVersion = 17.14.36221.1 d17.14
MinimumVisualStudioVersion = 10.0.40219.1
Project("{FAE04EC0-301F-11D3-BF4B-00C04F79EFBC}") = "WorkerService.Hosteds", "WorkerService.Hosteds\WorkerService.Hosteds.csproj", "{75016E57-83B8-4D8A-80E8-225E60C9513D}"
EndProject
Global
	GlobalSection(SolutionConfigurationPlatforms) = preSolution
		Debug|Any CPU = Debug|Any CPU
		Release|Any CPU = Release|Any CPU
	EndGlobalSection
	GlobalSection(ProjectConfigurationPlatforms) = postSolution
		{75016E57-83B8-4D8A-80E8-225E60C9513D}.Debug|Any CPU.ActiveCfg = Debug|Any CPU
		{75016E57-83B8-4D8A-80E8-225E60C9513D}.Debug|Any CPU.Build.0 = Debug|Any CPU
		{75016E57-83B8-4D8A-80E8-225E60C9513D}.Release|Any CPU.ActiveCfg = Release|Any CPU
		{75016E57-83B8-4D8A-80E8-225E60C9513D}.Release|Any CPU.Build.0 = Release|Any CPU
	EndGlobalSection
	GlobalSection(SolutionProperties) = preSolution
		HideSolutionNode = FALSE
	EndGlobalSection
	GlobalSection(ExtensibilityGlobals) = postSolution
		SolutionGuid = {37280780-E505-4899-BC1A-DC5B5267E579}
	EndGlobalSection
EndGlobal
